PODS:
  - Nimble (7.0.2)
  - Quick (1.2.0)
  - ZProgressCircle (0.1.0)

DEPENDENCIES:
  - Nimble (~> 7.0.2)
  - Quick (~> 1.2.0)
  - ZProgressCircle (from `../`)

EXTERNAL SOURCES:
  ZProgressCircle:
    :path: ../

SPEC CHECKSUMS:
  Nimble: bfe1f814edabba69ff145cb1283e04ed636a67f2
  Quick: 58d203b1c5e27fff7229c4c1ae445ad7069a7a08
  ZProgressCircle: f91bcf30785d2a605d4f7005028a2680cabc415d

PODFILE CHECKSUM: b5f7c93a7e1f4d9f261e0dce8ad1dde1f33a7685

COCOAPODS: 1.3.1
